
Microsoft Visual Studio Solution File, Format Version 12.00
# Visual Studio Version 17
VisualStudioVersion = 17.13.35828.75 d17.13
MinimumVisualStudioVersion = 10.0.40219.1
Project("{FAE04EC0-301F-11D3-BF4B-00C04F79EFBC}") = "task2", "task2\task2.csproj", "{A9626BCE-E984-43E2-8D40-30EB1FC4AA23}"
EndProject
Global
	GlobalSection(SolutionConfigurationPlatforms) = preSolution
		Debug|Any CPU = Debug|Any CPU
		Release|Any CPU = Release|Any CPU
	EndGlobalSection
	GlobalSection(ProjectConfigurationPlatforms) = postSolution
		{A9626BCE-E984-43E2-8D40-30EB1FC4AA23}.Debug|Any CPU.ActiveCfg = Debug|Any CPU
		{A9626BCE-E984-43E2-8D40-30EB1FC4AA23}.Debug|Any CPU.Build.0 = Debug|Any CPU
		{A9626BCE-E984-43E2-8D40-30EB1FC4AA23}.Release|Any CPU.ActiveCfg = Release|Any CPU
		{A9626BCE-E984-43E2-8D40-30EB1FC4AA23}.Release|Any CPU.Build.0 = Release|Any CPU
	EndGlobalSection
	GlobalSection(SolutionProperties) = preSolution
		HideSolutionNode = FALSE
	EndGlobalSection
	GlobalSection(ExtensibilityGlobals) = postSolution
		SolutionGuid = {A45877E2-4ADB-48E2-B4DD-948B5A4F3790}
	EndGlobalSection
EndGlobal
